
Microsoft Visual Studio Solution File, Format Version 12.00
# Visual Studio Version 17
VisualStudioVersion = 17.11.35327.3
MinimumVisualStudioVersion = 10.0.40219.1
Project("{FAE04EC0-301F-11D3-BF4B-00C04F79EFBC}") = "EFGetStarted", "EFGetStarted\EFGetStarted.csproj", "{C14788C2-65DD-4E9E-AAC6-50B8FD293172}"
EndProject
Global
	GlobalSection(SolutionConfigurationPlatforms) = preSolution
		Debug|Any CPU = Debug|Any CPU
		Release|Any CPU = Release|Any CPU
	EndGlobalSection
	GlobalSection(ProjectConfigurationPlatforms) = postSolution
		{C14788C2-65DD-4E9E-AAC6-50B8FD293172}.Debug|Any CPU.ActiveCfg = Debug|Any CPU
		{C14788C2-65DD-4E9E-AAC6-50B8FD293172}.Debug|Any CPU.Build.0 = Debug|Any CPU
		{C14788C2-65DD-4E9E-AAC6-50B8FD293172}.Release|Any CPU.ActiveCfg = Release|Any CPU
		{C14788C2-65DD-4E9E-AAC6-50B8FD293172}.Release|Any CPU.Build.0 = Release|Any CPU
	EndGlobalSection
	GlobalSection(SolutionProperties) = preSolution
		HideSolutionNode = FALSE
	EndGlobalSection
	GlobalSection(ExtensibilityGlobals) = postSolution
		SolutionGuid = {3EAA9C7A-7C2A-404D-BE75-44D914005CE7}
	EndGlobalSection
EndGlobal
